
Microsoft Visual Studio Solution File, Format Version 12.00
# Visual Studio Version 17
VisualStudioVersion = 17.0.31903.59
MinimumVisualStudioVersion = 10.0.40219.1
Project("{2150E333-8FDC-42A3-9474-1A3956D46DE8}") = "src", "src", "{298E681F-D8D5-4226-A27B-C8EDE939F000}"
EndProject
Project("{2150E333-8FDC-42A3-9474-1A3956D46DE8}") = "Adapters", "Adapters", "{7D19CCB9-4D4D-437B-9780-67C1E95CC9AD}"
EndProject
Project("{2150E333-8FDC-42A3-9474-1A3956D46DE8}") = "Driven", "Driven", "{04F1A3AF-BF91-4C81-9AFF-634FAAC48200}"
EndProject
Project("{FAE04EC0-301F-11D3-BF4B-00C04F79EFBC}") = "FoodTotem.Demand.Gateways.MongoDB", "src\Adapters\Driven\FoodTotem.Demand.Gateways.MongoDB\FoodTotem.Demand.Gateways.MongoDB.csproj", "{AE7B7186-5714-490F-9221-81224F58F067}"
EndProject
Project("{2150E333-8FDC-42A3-9474-1A3956D46DE8}") = "Driver", "Driver", "{1990BB20-5716-492B-85CE-0E0842AA5EED}"
EndProject
Project("{FAE04EC0-301F-11D3-BF4B-00C04F79EFBC}") = "FoodTotem.Demand.API", "src\Adapters\Driver\FoodTotem.Demand.API\FoodTotem.Demand.API.csproj", "{0FE5B276-8684-4877-B096-E68DEFD8E2AC}"
EndProject
Project("{2150E333-8FDC-42A3-9474-1A3956D46DE8}") = "Core", "Core", "{53103199-AD68-477B-B5AD-A587287046E1}"
EndProject
Project("{FAE04EC0-301F-11D3-BF4B-00C04F79EFBC}") = "FoodTotem.Data.Core", "src\Core\FoodTotem.Data.Core\FoodTotem.Data.Core.csproj", "{07E51294-3DCB-44C1-AD2C-E611A414C32D}"
EndProject
Project("{FAE04EC0-301F-11D3-BF4B-00C04F79EFBC}") = "FoodTotem.Domain.Core", "src\Core\FoodTotem.Domain.Core\FoodTotem.Domain.Core.csproj", "{62F4A766-CD69-44C5-9605-B37B1477C1A1}"
EndProject
Project("{FAE04EC0-301F-11D3-BF4B-00C04F79EFBC}") = "FoodTotem.Demand.Domain", "src\Core\FoodTotem.Demand.Domain\FoodTotem.Demand.Domain.csproj", "{FE7BE71C-76C7-4DCD-9F38-C9615350E9D2}"
EndProject
Project("{FAE04EC0-301F-11D3-BF4B-00C04F79EFBC}") = "FoodTotem.Demand.UseCase", "src\Core\FoodTotem.Demand.UseCase\FoodTotem.Demand.UseCase.csproj", "{4CFB8160-BD10-4A21-9511-4BB619316E98}"
EndProject
Global
	GlobalSection(SolutionConfigurationPlatforms) = preSolution
		Debug|Any CPU = Debug|Any CPU
		Release|Any CPU = Release|Any CPU
	EndGlobalSection
	GlobalSection(SolutionProperties) = preSolution
		HideSolutionNode = FALSE
	EndGlobalSection
	GlobalSection(ProjectConfigurationPlatforms) = postSolution
		{AE7B7186-5714-490F-9221-81224F58F067}.Debug|Any CPU.ActiveCfg = Debug|Any CPU
		{AE7B7186-5714-490F-9221-81224F58F067}.Debug|Any CPU.Build.0 = Debug|Any CPU
		{AE7B7186-5714-490F-9221-81224F58F067}.Release|Any CPU.ActiveCfg = Release|Any CPU
		{AE7B7186-5714-490F-9221-81224F58F067}.Release|Any CPU.Build.0 = Release|Any CPU
		{0FE5B276-8684-4877-B096-E68DEFD8E2AC}.Debug|Any CPU.ActiveCfg = Debug|Any CPU
		{0FE5B276-8684-4877-B096-E68DEFD8E2AC}.Debug|Any CPU.Build.0 = Debug|Any CPU
		{0FE5B276-8684-4877-B096-E68DEFD8E2AC}.Release|Any CPU.ActiveCfg = Release|Any CPU
		{0FE5B276-8684-4877-B096-E68DEFD8E2AC}.Release|Any CPU.Build.0 = Release|Any CPU
		{07E51294-3DCB-44C1-AD2C-E611A414C32D}.Debug|Any CPU.ActiveCfg = Debug|Any CPU
		{07E51294-3DCB-44C1-AD2C-E611A414C32D}.Debug|Any CPU.Build.0 = Debug|Any CPU
		{07E51294-3DCB-44C1-AD2C-E611A414C32D}.Release|Any CPU.ActiveCfg = Release|Any CPU
		{07E51294-3DCB-44C1-AD2C-E611A414C32D}.Release|Any CPU.Build.0 = Release|Any CPU
		{62F4A766-CD69-44C5-9605-B37B1477C1A1}.Debug|Any CPU.ActiveCfg = Debug|Any CPU
		{62F4A766-CD69-44C5-9605-B37B1477C1A1}.Debug|Any CPU.Build.0 = Debug|Any CPU
		{62F4A766-CD69-44C5-9605-B37B1477C1A1}.Release|Any CPU.ActiveCfg = Release|Any CPU
		{62F4A766-CD69-44C5-9605-B37B1477C1A1}.Release|Any CPU.Build.0 = Release|Any CPU
		{FE7BE71C-76C7-4DCD-9F38-C9615350E9D2}.Debug|Any CPU.ActiveCfg = Debug|Any CPU
		{FE7BE71C-76C7-4DCD-9F38-C9615350E9D2}.Debug|Any CPU.Build.0 = Debug|Any CPU
		{FE7BE71C-76C7-4DCD-9F38-C9615350E9D2}.Release|Any CPU.ActiveCfg = Release|Any CPU
		{FE7BE71C-76C7-4DCD-9F38-C9615350E9D2}.Release|Any CPU.Build.0 = Release|Any CPU
		{4CFB8160-BD10-4A21-9511-4BB619316E98}.Debug|Any CPU.ActiveCfg = Debug|Any CPU
		{4CFB8160-BD10-4A21-9511-4BB619316E98}.Debug|Any CPU.Build.0 = Debug|Any CPU
		{4CFB8160-BD10-4A21-9511-4BB619316E98}.Release|Any CPU.ActiveCfg = Release|Any CPU
		{4CFB8160-BD10-4A21-9511-4BB619316E98}.Release|Any CPU.Build.0 = Release|Any CPU
	EndGlobalSection
	GlobalSection(NestedProjects) = preSolution
		{7D19CCB9-4D4D-437B-9780-67C1E95CC9AD} = {298E681F-D8D5-4226-A27B-C8EDE939F000}
		{04F1A3AF-BF91-4C81-9AFF-634FAAC48200} = {7D19CCB9-4D4D-437B-9780-67C1E95CC9AD}
		{AE7B7186-5714-490F-9221-81224F58F067} = {04F1A3AF-BF91-4C81-9AFF-634FAAC48200}
		{1990BB20-5716-492B-85CE-0E0842AA5EED} = {7D19CCB9-4D4D-437B-9780-67C1E95CC9AD}
		{0FE5B276-8684-4877-B096-E68DEFD8E2AC} = {1990BB20-5716-492B-85CE-0E0842AA5EED}
		{53103199-AD68-477B-B5AD-A587287046E1} = {298E681F-D8D5-4226-A27B-C8EDE939F000}
		{07E51294-3DCB-44C1-AD2C-E611A414C32D} = {53103199-AD68-477B-B5AD-A587287046E1}
		{62F4A766-CD69-44C5-9605-B37B1477C1A1} = {53103199-AD68-477B-B5AD-A587287046E1}
		{FE7BE71C-76C7-4DCD-9F38-C9615350E9D2} = {53103199-AD68-477B-B5AD-A587287046E1}
		{4CFB8160-BD10-4A21-9511-4BB619316E98} = {53103199-AD68-477B-B5AD-A587287046E1}
	EndGlobalSection
EndGlobal
